github.com/otfabric/go-cotp v0.1.5 h1:n8jcFnYsZb0pOlhPMKVy0dVpRz2+ROx6mI93eVPeOC8=
github.com/otfabric/go-cotp v0.1.5/go.mod h1:cQkSlQjhA/Ay4Es+eYtMa3EmA/EJcnbiAnPpieN0s3k=
github.com/otfabric/go-tpkt v0.1.3 h1:DuETc2jUAxKyyu1MJLiNuZ/5rVQ/1YwJ51YY8oGOhBM=
github.com/otfabric/go-tpkt v0.1.3/go.mod h1:9d3Ydrkerj5OTQQ9KZ12rgkpR4lU/9ULoTOYlijGsLE=
